{
  "name": "@openinf/util-object",
  "version": "1.0.1",
  "lockfileVersion": 1,
  "requires": true,
  "dependencies": {
    "@openinf/util-types": {
      "version": "1.2.0",
      "resolved": "https://registry.npmjs.org/@openinf/util-types/-/util-types-1.2.0.tgz",
      "integrity": "sha512-hgA0Gvv5xNRCjgjY0bWnSTFhL8DIb6tKSkgBBjesd9GG3qjYHDqWMkWZNcO+yMnyKJG0eMyN6DgjUeaIS5ZG/g=="
    }
  }
}
