{
  "name": "@openinf/util-object",
  "version": "1.0.0",
  "lockfileVersion": 1,
  "requires": true,
  "dependencies": {
    "@openinf/util-types": {
      "version": "1.0.1",
      "resolved": "https://registry.npmjs.org/@openinf/util-types/-/util-types-1.0.1.tgz",
      "integrity": "sha512-WCooGFqcNZhluprjHqWDMfW3jQNAdXVroEm0w7I6eTGIFb085XshPhTsSIizn5hql99ZOFXFj81NxV/QMRYL4Q=="
    }
  }
}
